// !$*UTF8*$!
{
	archiveVersion = 1;
	classes = {
	};
	objectVersion = 77;
	objects = {

/* Begin PBXContainerItemProxy section */
		E823606E2D8E652E004D69D3 /* PBXContainerItemProxy */ = {
			isa = PBXContainerItemProxy;
			containerPortal = E82360552D8E652D004D69D3 /* Project object */;
			proxyType = 1;
			remoteGlobalIDString = E823605C2D8E652D004D69D3;
			remoteInfo = TestingPropertyWrappers;
		};
		E82360782D8E652E004D69D3 /* PBXContainerItemProxy */ = {
			isa = PBXContainerItemProxy;
			containerPortal = E82360552D8E652D004D69D3 /* Project object */;
			proxyType = 1;
			remoteGlobalIDString = E823605C2D8E652D004D69D3;
			remoteInfo = TestingPropertyWrappers;
		};
/* End PBXContainerItemProxy section */

/* Begin PBXFileReference section */
		E823605D2D8E652D004D69D3 /* TestingPropertyWrappers.app */ = {isa = PBXFileReference; explicitFileType = wrapper.application; includeInIndex = 0; path = TestingPropertyWrappers.app; sourceTree = BUILT_PRODUCTS_DIR; };
		E823606D2D8E652E004D69D3 /* TestingPropertyWrappersTests.xctest */ = {isa = PBXFileReference; explicitFileType = wrapper.cfbundle; includeInIndex = 0; path = TestingPropertyWrappersTests.xctest; sourceTree = BUILT_PRODUCTS_DIR; };
		E82360772D8E652E004D69D3 /* TestingPropertyWrappersUITests.xctest */ = {isa = PBXFileReference; explicitFileType = wrapper.cfbundle; includeInIndex = 0; path = TestingPropertyWrappersUITests.xctest; sourceTree = BUILT_PRODUCTS_DIR; };
/* End PBXFileReference section */

/* Begin PBXFileSystemSynchronizedRootGroup section */
		E823605F2D8E652D004D69D3 /* TestingPropertyWrappers */ = {
			isa = PBXFileSystemSynchronizedRootGroup;
			path = TestingPropertyWrappers;
			sourceTree = "<group>";
		};
		E82360702D8E652E004D69D3 /* TestingPropertyWrappersTests */ = {
			isa = PBXFileSystemSynchronizedRootGroup;
			path = TestingPropertyWrappersTests;
			sourceTree = "<group>";
		};
		E823607A2D8E652E004D69D3 /* TestingPropertyWrappersUITests */ = {
			isa = PBXFileSystemSynchronizedRootGroup;
			path = TestingPropertyWrappersUITests;
			sourceTree = "<group>";
		};
/* End PBXFileSystemSynchronizedRootGroup section */

/* Begin PBXFrameworksBuildPhase section */
		E823605A2D8E652D004D69D3 /* Frameworks */ = {
			isa = PBXFrameworksBuildPhase;
			buildActionMask = 2147483647;
			files = (
			);
			runOnlyForDeploymentPostprocessing = 0;
		};
		E823606A2D8E652E004D69D3 /* Frameworks */ = {
			isa = PBXFrameworksBuildPhase;
			buildActionMask = 2147483647;
			files = (
			);
			runOnlyForDeploymentPostprocessing = 0;
		};
		E82360742D8E652E004D69D3 /* Frameworks */ = {
			isa = PBXFrameworksBuildPhase;
			buildActionMask = 2147483647;
			files = (
			);
			runOnlyForDeploymentPostprocessing = 0;
		};
/* End PBXFrameworksBuildPhase section */

/* Begin PBXGroup section */
		E82360542D8E652D004D69D3 = {
			isa = PBXGroup;
			children = (
				E823605F2D8E652D004D69D3 /* TestingPropertyWrappers */,
				E82360702D8E652E004D69D3 /* TestingPropertyWrappersTests */,
				E823607A2D8E652E004D69D3 /* TestingPropertyWrappersUITests */,
				E823605E2D8E652D004D69D3 /* Products */,
			);
			sourceTree = "<group>";
		};
		E823605E2D8E652D004D69D3 /* Products */ = {
			isa = PBXGroup;
			children = (
				E823605D2D8E652D004D69D3 /* TestingPropertyWrappers.app */,
				E823606D2D8E652E004D69D3 /* TestingPropertyWrappersTests.xctest */,
				E82360772D8E652E004D69D3 /* TestingPropertyWrappersUITests.xctest */,
			);
			name = Products;
			sourceTree = "<group>";
		};
/* End PBXGroup section */

/* Begin PBXNativeTarget section */
		E823605C2D8E652D004D69D3 /* TestingPropertyWrappers */ = {
			isa = PBXNativeTarget;
			buildConfigurationList = E82360812D8E652E004D69D3 /* Build configuration list for PBXNativeTarget "TestingPropertyWrappers" */;
			buildPhases = (
				E82360592D8E652D004D69D3 /* Sources */,
				E823605A2D8E652D004D69D3 /* Frameworks */,
				E823605B2D8E652D004D69D3 /* Resources */,
			);
			buildRules = (
			);
			dependencies = (
			);
			fileSystemSynchronizedGroups = (
				E823605F2D8E652D004D69D3 /* TestingPropertyWrappers */,
			);
			name = TestingPropertyWrappers;
			packageProductDependencies = (
			);
			productName = TestingPropertyWrappers;
			productReference = E823605D2D8E652D004D69D3 /* TestingPropertyWrappers.app */;
			productType = "com.apple.product-type.application";
		};
		E823606C2D8E652E004D69D3 /* TestingPropertyWrappersTests */ = {
			isa = PBXNativeTarget;
			buildConfigurationList = E82360842D8E652E004D69D3 /* Build configuration list for PBXNativeTarget "TestingPropertyWrappersTests" */;
			buildPhases = (
				E82360692D8E652E004D69D3 /* Sources */,
				E823606A2D8E652E004D69D3 /* Frameworks */,
				E823606B2D8E652E004D69D3 /* Resources */,
			);
			buildRules = (
			);
			dependencies = (
				E823606F2D8E652E004D69D3 /* PBXTargetDependency */,
			);
			fileSystemSynchronizedGroups = (
				E82360702D8E652E004D69D3 /* TestingPropertyWrappersTests */,
			);
			name = TestingPropertyWrappersTests;
			packageProductDependencies = (
			);
			productName = TestingPropertyWrappersTests;
			productReference = E823606D2D8E652E004D69D3 /* TestingPropertyWrappersTests.xctest */;
			productType = "com.apple.product-type.bundle.unit-test";
		};
		E82360762D8E652E004D69D3 /* TestingPropertyWrappersUITests */ = {
			isa = PBXNativeTarget;
			buildConfigurationList = E82360872D8E652E004D69D3 /* Build configuration list for PBXNativeTarget "TestingPropertyWrappersUITests" */;
			buildPhases = (
				E82360732D8E652E004D69D3 /* Sources */,
				E82360742D8E652E004D69D3 /* Frameworks */,
				E82360752D8E652E004D69D3 /* Resources */,
			);
			buildRules = (
			);
			dependencies = (
				E82360792D8E652E004D69D3 /* PBXTargetDependency */,
			);
			fileSystemSynchronizedGroups = (
				E823607A2D8E652E004D69D3 /* TestingPropertyWrappersUITests */,
			);
			name = TestingPropertyWrappersUITests;
			packageProductDependencies = (
			);
			productName = TestingPropertyWrappersUITests;
			productReference = E82360772D8E652E004D69D3 /* TestingPropertyWrappersUITests.xctest */;
			productType = "com.apple.product-type.bundle.ui-testing";
		};
/* End PBXNativeTarget section */

/* Begin PBXProject section */
		E82360552D8E652D004D69D3 /* Project object */ = {
			isa = PBXProject;
			attributes = {
				BuildIndependentTargetsInParallel = 1;
				LastSwiftUpdateCheck = 1620;
				LastUpgradeCheck = 1620;
				TargetAttributes = {
					E823605C2D8E652D004D69D3 = {
						CreatedOnToolsVersion = 16.2;
					};
					E823606C2D8E652E004D69D3 = {
						CreatedOnToolsVersion = 16.2;
						TestTargetID = E823605C2D8E652D004D69D3;
					};
					E82360762D8E652E004D69D3 = {
						CreatedOnToolsVersion = 16.2;
						TestTargetID = E823605C2D8E652D004D69D3;
					};
				};
			};
			buildConfigurationList = E82360582D8E652D004D69D3 /* Build configuration list for PBXProject "TestingPropertyWrappers" */;
			developmentRegion = en;
			hasScannedForEncodings = 0;
			knownRegions = (
				en,
				Base,
			);
			mainGroup = E82360542D8E652D004D69D3;
			minimizedProjectReferenceProxies = 1;
			preferredProjectObjectVersion = 77;
			productRefGroup = E823605E2D8E652D004D69D3 /* Products */;
			projectDirPath = "";
			projectRoot = "";
			targets = (
				E823605C2D8E652D004D69D3 /* TestingPropertyWrappers */,
				E823606C2D8E652E004D69D3 /* TestingPropertyWrappersTests */,
				E82360762D8E652E004D69D3 /* TestingPropertyWrappersUITests */,
			);
		};
/* End PBXProject section */

/* Begin PBXResourcesBuildPhase section */
		E823605B2D8E652D004D69D3 /* Resources */ = {
			isa = PBXResourcesBuildPhase;
			buildActionMask = 2147483647;
			files = (
			);
			runOnlyForDeploymentPostprocessing = 0;
		};
		E823606B2D8E652E004D69D3 /* Resources */ = {
			isa = PBXResourcesBuildPhase;
			buildActionMask = 2147483647;
			files = (
			);
			runOnlyForDeploymentPostprocessing = 0;
		};
		E82360752D8E652E004D69D3 /* Resources */ = {
			isa = PBXResourcesBuildPhase;
			buildActionMask = 2147483647;
			files = (
			);
			runOnlyForDeploymentPostprocessing = 0;
		};
/* End PBXResourcesBuildPhase section */

/* Begin PBXSourcesBuildPhase section */
		E82360592D8E652D004D69D3 /* Sources */ = {
			isa = PBXSourcesBuildPhase;
			buildActionMask = 2147483647;
			files = (
			);
			runOnlyForDeploymentPostprocessing = 0;
		};
		E82360692D8E652E004D69D3 /* Sources */ = {
			isa = PBXSourcesBuildPhase;
			buildActionMask = 2147483647;
			files = (
			);
			runOnlyForDeploymentPostprocessing = 0;
		};
		E82360732D8E652E004D69D3 /* Sources */ = {
			isa = PBXSourcesBuildPhase;
			buildActionMask = 2147483647;
			files = (
			);
			runOnlyForDeploymentPostprocessing = 0;
		};
/* End PBXSourcesBuildPhase section */

/* Begin PBXTargetDependency section */
		E823606F2D8E652E004D69D3 /* PBXTargetDependency */ = {
			isa = PBXTargetDependency;
			target = E823605C2D8E652D004D69D3 /* TestingPropertyWrappers */;
			targetProxy = E823606E2D8E652E004D69D3 /* PBXContainerItemProxy */;
		};
		E82360792D8E652E004D69D3 /* PBXTargetDependency */ = {
			isa = PBXTargetDependency;
			target = E823605C2D8E652D004D69D3 /* TestingPropertyWrappers */;
			targetProxy = E82360782D8E652E004D69D3 /* PBXContainerItemProxy */;
		};
/* End PBXTargetDependency section */

/* Begin XCBuildConfiguration section */
		E823607F2D8E652E004D69D3 /* Debug */ = {
			isa = XCBuildConfiguration;
			buildSettings = {
				ALWAYS_SEARCH_USER_PATHS = NO;
				ASSETCATALOG_COMPILER_GENERATE_SWIFT_ASSET_SYMBOL_EXTENSIONS = YES;
				CLANG_ANALYZER_NONNULL = YES;
				CLANG_ANALYZER_NUMBER_OBJECT_CONVERSION = YES_AGGRESSIVE;
				CLANG_CXX_LANGUAGE_STANDARD = "gnu++20";
				CLANG_ENABLE_MODULES = YES;
				CLANG_ENABLE_OBJC_ARC = YES;
				CLANG_ENABLE_OBJC_WEAK = YES;
				CLANG_WARN_BLOCK_CAPTURE_AUTORELEASING = YES;
				CLANG_WARN_BOOL_CONVERSION = YES;
				CLANG_WARN_COMMA = YES;
				CLANG_WARN_CONSTANT_CONVERSION = YES;
				CLANG_WARN_DEPRECATED_OBJC_IMPLEMENTATIONS = YES;
				CLANG_WARN_DIRECT_OBJC_ISA_USAGE = YES_ERROR;
				CLANG_WARN_DOCUMENTATION_COMMENTS = YES;
				CLANG_WARN_EMPTY_BODY = YES;
				CLANG_WARN_ENUM_CONVERSION = YES;
				CLANG_WARN_INFINITE_RECURSION = YES;
				CLANG_WARN_INT_CONVERSION = YES;
				CLANG_WARN_NON_LITERAL_NULL_CONVERSION = YES;
				CLANG_WARN_OBJC_IMPLICIT_RETAIN_SELF = YES;
				CLANG_WARN_OBJC_LITERAL_CONVERSION = YES;
				CLANG_WARN_OBJC_ROOT_CLASS = YES_ERROR;
				CLANG_WARN_QUOTED_INCLUDE_IN_FRAMEWORK_HEADER = YES;
				CLANG_WARN_RANGE_LOOP_ANALYSIS = YES;
				CLANG_WARN_STRICT_PROTOTYPES = YES;
				CLANG_WARN_SUSPICIOUS_MOVE = YES;
				CLANG_WARN_UNGUARDED_AVAILABILITY = YES_AGGRESSIVE;
				CLANG_WARN_UNREACHABLE_CODE = YES;
				CLANG_WARN__DUPLICATE_METHOD_MATCH = YES;
				COPY_PHASE_STRIP = NO;
				DEBUG_INFORMATION_FORMAT = dwarf;
				ENABLE_STRICT_OBJC_MSGSEND = YES;
				ENABLE_TESTABILITY = YES;
				ENABLE_USER_SCRIPT_SANDBOXING = YES;
				GCC_C_LANGUAGE_STANDARD = gnu17;
				GCC_DYNAMIC_NO_PIC = NO;
				GCC_NO_COMMON_BLOCKS = YES;
				GCC_OPTIMIZATION_LEVEL = 0;
				GCC_PREPROCESSOR_DEFINITIONS = (
					"DEBUG=1",
					"$(inherited)",
				);
				GCC_WARN_64_TO_32_BIT_CONVERSION = YES;
				GCC_WARN_ABOUT_RETURN_TYPE = YES_ERROR;
				GCC_WARN_UNDECLARED_SELECTOR = YES;
				GCC_WARN_UNINITIALIZED_AUTOS = YES_AGGRESSIVE;
				GCC_WARN_UNUSED_FUNCTION = YES;
				GCC_WARN_UNUSED_VARIABLE = YES;
				IPHONEOS_DEPLOYMENT_TARGET = 18.2;
				LOCALIZATION_PREFERS_STRING_CATALOGS = YES;
				MTL_ENABLE_DEBUG_INFO = INCLUDE_SOURCE;
				MTL_FAST_MATH = YES;
				ONLY_ACTIVE_ARCH = YES;
				SDKROOT = iphoneos;
				SWIFT_ACTIVE_COMPILATION_CONDITIONS = "DEBUG $(inherited)";
				SWIFT_OPTIMIZATION_LEVEL = "-Onone";
			};
			name = Debug;
		};
		E82360802D8E652E004D69D3 /* Release */ = {
			isa = XCBuildConfiguration;
			buildSettings = {
				ALWAYS_SEARCH_USER_PATHS = NO;
				ASSETCATALOG_COMPILER_GENERATE_SWIFT_ASSET_SYMBOL_EXTENSIONS = YES;
				CLANG_ANALYZER_NONNULL = YES;
				CLANG_ANALYZER_NUMBER_OBJECT_CONVERSION = YES_AGGRESSIVE;
				CLANG_CXX_LANGUAGE_STANDARD = "gnu++20";
				CLANG_ENABLE_MODULES = YES;
				CLANG_ENABLE_OBJC_ARC = YES;
				CLANG_ENABLE_OBJC_WEAK = YES;
				CLANG_WARN_BLOCK_CAPTURE_AUTORELEASING = YES;
				CLANG_WARN_BOOL_CONVERSION = YES;
				CLANG_WARN_COMMA = YES;
				CLANG_WARN_CONSTANT_CONVERSION = YES;
				CLANG_WARN_DEPRECATED_OBJC_IMPLEMENTATIONS = YES;
				CLANG_WARN_DIRECT_OBJC_ISA_USAGE = YES_ERROR;
				CLANG_WARN_DOCUMENTATION_COMMENTS = YES;
				CLANG_WARN_EMPTY_BODY = YES;
				CLANG_WARN_ENUM_CONVERSION = YES;
				CLANG_WARN_INFINITE_RECURSION = YES;
				CLANG_WARN_INT_CONVERSION = YES;
				CLANG_WARN_NON_LITERAL_NULL_CONVERSION = YES;
				CLANG_WARN_OBJC_IMPLICIT_RETAIN_SELF = YES;
				CLANG_WARN_OBJC_LITERAL_CONVERSION = YES;
				CLANG_WARN_OBJC_ROOT_CLASS = YES_ERROR;
				CLANG_WARN_QUOTED_INCLUDE_IN_FRAMEWORK_HEADER = YES;
				CLANG_WARN_RANGE_LOOP_ANALYSIS = YES;
				CLANG_WARN_STRICT_PROTOTYPES = YES;
				CLANG_WARN_SUSPICIOUS_MOVE = YES;
				CLANG_WARN_UNGUARDED_AVAILABILITY = YES_AGGRESSIVE;
				CLANG_WARN_UNREACHABLE_CODE = YES;
				CLANG_WARN__DUPLICATE_METHOD_MATCH = YES;
				COPY_PHASE_STRIP = NO;
				DEBUG_INFORMATION_FORMAT = "dwarf-with-dsym";
				ENABLE_NS_ASSERTIONS = NO;
				ENABLE_STRICT_OBJC_MSGSEND = YES;
				ENABLE_USER_SCRIPT_SANDBOXING = YES;
				GCC_C_LANGUAGE_STANDARD = gnu17;
				GCC_NO_COMMON_BLOCKS = YES;
				GCC_WARN_64_TO_32_BIT_CONVERSION = YES;
				GCC_WARN_ABOUT_RETURN_TYPE = YES_ERROR;
				GCC_WARN_UNDECLARED_SELECTOR = YES;
				GCC_WARN_UNINITIALIZED_AUTOS = YES_AGGRESSIVE;
				GCC_WARN_UNUSED_FUNCTION = YES;
				GCC_WARN_UNUSED_VARIABLE = YES;
				IPHONEOS_DEPLOYMENT_TARGET = 18.2;
				LOCALIZATION_PREFERS_STRING_CATALOGS = YES;
				MTL_ENABLE_DEBUG_INFO = NO;
				MTL_FAST_MATH = YES;
				SDKROOT = iphoneos;
				SWIFT_COMPILATION_MODE = wholemodule;
				VALIDATE_PRODUCT = YES;
			};
			name = Release;
		};
		E82360822D8E652E004D69D3 /* Debug */ = {
			isa = XCBuildConfiguration;
			buildSettings = {
				ASSETCATALOG_COMPILER_APPICON_NAME = AppIcon;
				ASSETCATALOG_COMPILER_GLOBAL_ACCENT_COLOR_NAME = AccentColor;
				CODE_SIGN_STYLE = Automatic;
				CURRENT_PROJECT_VERSION = 1;
				DEVELOPMENT_ASSET_PATHS = "\"TestingPropertyWrappers/Preview Content\"";
				ENABLE_PREVIEWS = YES;
				GENERATE_INFOPLIST_FILE = YES;
				INFOPLIST_KEY_UIApplicationSceneManifest_Generation = YES;
				INFOPLIST_KEY_UIApplicationSupportsIndirectInputEvents = YES;
				INFOPLIST_KEY_UILaunchScreen_Generation = YES;
				INFOPLIST_KEY_UISupportedInterfaceOrientations_iPad = "UIInterfaceOrientationPortrait UIInterfaceOrientationPortraitUpsideDown UIInterfaceOrientationLandscapeLeft UIInterfaceOrientationLandscapeRight";
				INFOPLIST_KEY_UISupportedInterfaceOrientations_iPhone = "UIInterfaceOrientationPortrait UIInterfaceOrientationLandscapeLeft UIInterfaceOrientationLandscapeRight";
				LD_RUNPATH_SEARCH_PATHS = (
					"$(inherited)",
					"@executable_path/Frameworks",
				);
				MARKETING_VERSION = 1.0;
				PRODUCT_BUNDLE_IDENTIFIER = Alberth.TestingPropertyWrappers;
				PRODUCT_NAME = "$(TARGET_NAME)";
				SWIFT_EMIT_LOC_STRINGS = YES;
				SWIFT_VERSION = 5.0;
				TARGETED_DEVICE_FAMILY = "1,2";
			};
			name = Debug;
		};
		E82360832D8E652E004D69D3 /* Release */ = {
			isa = XCBuildConfiguration;
			buildSettings = {
				ASSETCATALOG_COMPILER_APPICON_NAME = AppIcon;
				ASSETCATALOG_COMPILER_GLOBAL_ACCENT_COLOR_NAME = AccentColor;
				CODE_SIGN_STYLE = Automatic;
				CURRENT_PROJECT_VERSION = 1;
				DEVELOPMENT_ASSET_PATHS = "\"TestingPropertyWrappers/Preview Content\"";
				ENABLE_PREVIEWS = YES;
				GENERATE_INFOPLIST_FILE = YES;
				INFOPLIST_KEY_UIApplicationSceneManifest_Generation = YES;
				INFOPLIST_KEY_UIApplicationSupportsIndirectInputEvents = YES;
				INFOPLIST_KEY_UILaunchScreen_Generation = YES;
				INFOPLIST_KEY_UISupportedInterfaceOrientations_iPad = "UIInterfaceOrientationPortrait UIInterfaceOrientationPortraitUpsideDown UIInterfaceOrientationLandscapeLeft UIInterfaceOrientationLandscapeRight";
				INFOPLIST_KEY_UISupportedInterfaceOrientations_iPhone = "UIInterfaceOrientationPortrait UIInterfaceOrientationLandscapeLeft UIInterfaceOrientationLandscapeRight";
				LD_RUNPATH_SEARCH_PATHS = (
					"$(inherited)",
					"@executable_path/Frameworks",
				);
				MARKETING_VERSION = 1.0;
				PRODUCT_BUNDLE_IDENTIFIER = Alberth.TestingPropertyWrappers;
				PRODUCT_NAME = "$(TARGET_NAME)";
				SWIFT_EMIT_LOC_STRINGS = YES;
				SWIFT_VERSION = 5.0;
				TARGETED_DEVICE_FAMILY = "1,2";
			};
			name = Release;
		};
		E82360852D8E652E004D69D3 /* Debug */ = {
			isa = XCBuildConfiguration;
			buildSettings = {
				BUNDLE_LOADER = "$(TEST_HOST)";
				CODE_SIGN_STYLE = Automatic;
				CURRENT_PROJECT_VERSION = 1;
				GENERATE_INFOPLIST_FILE = YES;
				IPHONEOS_DEPLOYMENT_TARGET = 18.2;
				MARKETING_VERSION = 1.0;
				PRODUCT_BUNDLE_IDENTIFIER = Alberth.TestingPropertyWrappersTests;
				PRODUCT_NAME = "$(TARGET_NAME)";
				SWIFT_EMIT_LOC_STRINGS = NO;
				SWIFT_VERSION = 5.0;
				TARGETED_DEVICE_FAMILY = "1,2";
				TEST_HOST = "$(BUILT_PRODUCTS_DIR)/TestingPropertyWrappers.app/$(BUNDLE_EXECUTABLE_FOLDER_PATH)/TestingPropertyWrappers";
			};
			name = Debug;
		};
		E82360862D8E652E004D69D3 /* Release */ = {
			isa = XCBuildConfiguration;
			buildSettings = {
				BUNDLE_LOADER = "$(TEST_HOST)";
				CODE_SIGN_STYLE = Automatic;
				CURRENT_PROJECT_VERSION = 1;
				GENERATE_INFOPLIST_FILE = YES;
				IPHONEOS_DEPLOYMENT_TARGET = 18.2;
				MARKETING_VERSION = 1.0;
				PRODUCT_BUNDLE_IDENTIFIER = Alberth.TestingPropertyWrappersTests;
				PRODUCT_NAME = "$(TARGET_NAME)";
				SWIFT_EMIT_LOC_STRINGS = NO;
				SWIFT_VERSION = 5.0;
				TARGETED_DEVICE_FAMILY = "1,2";
				TEST_HOST = "$(BUILT_PRODUCTS_DIR)/TestingPropertyWrappers.app/$(BUNDLE_EXECUTABLE_FOLDER_PATH)/TestingPropertyWrappers";
			};
			name = Release;
		};
		E82360882D8E652E004D69D3 /* Debug */ = {
			isa = XCBuildConfiguration;
			buildSettings = {
				CODE_SIGN_STYLE = Automatic;
				CURRENT_PROJECT_VERSION = 1;
				GENERATE_INFOPLIST_FILE = YES;
				MARKETING_VERSION = 1.0;
				PRODUCT_BUNDLE_IDENTIFIER = Alberth.TestingPropertyWrappersUITests;
				PRODUCT_NAME = "$(TARGET_NAME)";
				SWIFT_EMIT_LOC_STRINGS = NO;
				SWIFT_VERSION = 5.0;
				TARGETED_DEVICE_FAMILY = "1,2";
				TEST_TARGET_NAME = TestingPropertyWrappers;
			};
			name = Debug;
		};
		E82360892D8E652E004D69D3 /* Release */ = {
			isa = XCBuildConfiguration;
			buildSettings = {
				CODE_SIGN_STYLE = Automatic;
				CURRENT_PROJECT_VERSION = 1;
				GENERATE_INFOPLIST_FILE = YES;
				MARKETING_VERSION = 1.0;
				PRODUCT_BUNDLE_IDENTIFIER = Alberth.TestingPropertyWrappersUITests;
				PRODUCT_NAME = "$(TARGET_NAME)";
				SWIFT_EMIT_LOC_STRINGS = NO;
				SWIFT_VERSION = 5.0;
				TARGETED_DEVICE_FAMILY = "1,2";
				TEST_TARGET_NAME = TestingPropertyWrappers;
			};
			name = Release;
		};
/* End XCBuildConfiguration section */

/* Begin XCConfigurationList section */
		E82360582D8E652D004D69D3 /* Build configuration list for PBXProject "TestingPropertyWrappers" */ = {
			isa = XCConfigurationList;
			buildConfigurations = (
				E823607F2D8E652E004D69D3 /* Debug */,
				E82360802D8E652E004D69D3 /* Release */,
			);
			defaultConfigurationIsVisible = 0;
			defaultConfigurationName = Release;
		};
		E82360812D8E652E004D69D3 /* Build configuration list for PBXNativeTarget "TestingPropertyWrappers" */ = {
			isa = XCConfigurationList;
			buildConfigurations = (
				E82360822D8E652E004D69D3 /* Debug */,
				E82360832D8E652E004D69D3 /* Release */,
			);
			defaultConfigurationIsVisible = 0;
			defaultConfigurationName = Release;
		};
		E82360842D8E652E004D69D3 /* Build configuration list for PBXNativeTarget "TestingPropertyWrappersTests" */ = {
			isa = XCConfigurationList;
			buildConfigurations = (
				E82360852D8E652E004D69D3 /* Debug */,
				E82360862D8E652E004D69D3 /* Release */,
			);
			defaultConfigurationIsVisible = 0;
			defaultConfigurationName = Release;
		};
		E82360872D8E652E004D69D3 /* Build configuration list for PBXNativeTarget "TestingPropertyWrappersUITests" */ = {
			isa = XCConfigurationList;
			buildConfigurations = (
				E82360882D8E652E004D69D3 /* Debug */,
				E82360892D8E652E004D69D3 /* Release */,
			);
			defaultConfigurationIsVisible = 0;
			defaultConfigurationName = Release;
		};
/* End XCConfigurationList section */
	};
	rootObject = E82360552D8E652D004D69D3 /* Project object */;
}
